schema: '2.0'
stages:
  ingest_owid:
    cmd: python -m co2_ml.pipelines.ingest
    deps:
    - path: src/co2_ml/pipelines/ingest.py
      hash: md5
      md5: 60485fc75af171afab9c0cd574f0b76c
      size: 1927
      isexec: true
    outs:
    - path: data/bronze/owid_co2
      hash: md5
      md5: 63a4930698492bc4d7361d302ab36630.dir
      size: 5737400
      nfiles: 3
  ingest_worldbank:
    cmd: python -m co2_ml.pipelines.ingest_worldbank
    deps:
    - path: src/co2_ml/pipelines/ingest_worldbank.py
      hash: md5
      md5: d432006c48839ae3c36cdb44f08d2c1f
      size: 1901
      isexec: true
    outs:
    - path: data/bronze/worldbank_wdi
      hash: md5
      md5: 9cb981ba50abf79b62d19fed4b0dc9bf.dir
      size: 405227
      nfiles: 3
  ingest_paris:
    cmd: python -m co2_ml.pipelines.ingest_paris
    deps:
    - path: src/co2_ml/pipelines/ingest_paris.py
      hash: md5
      md5: d73e56dee6b63c9b9ac1df36ef21bfda
      size: 2554
      isexec: true
    outs:
    - path: data/bronze/paris_ratifications/ratification_dates.parquet
      hash: md5
      md5: ab35a670ba59156068fc247c0601c50c
      size: 3584
      isexec: true
  preprocess:
    cmd: python -m co2_ml.pipelines.preprocess
    deps:
    - path: data/bronze/owid_co2
      hash: md5
      md5: 63a4930698492bc4d7361d302ab36630.dir
      size: 5737400
      nfiles: 3
    - path: src/co2_ml/pipelines/preprocess.py
      hash: md5
      md5: 850793ccdea9cdfd191c81b52108bb7c
      size: 2720
      isexec: true
    outs:
    - path: data/silver/cleansed/owid_co2.parquet
      hash: md5
      md5: 6c1aa5617006ca4a224d30c9da276124
      size: 988508
      isexec: true
